
Microsoft Visual Studio Solution File, Format Version 12.00
# Visual Studio Version 17
VisualStudioVersion = 17.8.34511.84
MinimumVisualStudioVersion = 10.0.40219.1
Project("{FAE04EC0-301F-11D3-BF4B-00C04F79EFBC}") = "WebApplication1", "WebApplication1\WebApplication1.csproj", "{98633E4E-A1BB-4BFD-8591-DD9CFF3FA89D}"
EndProject
Global
	GlobalSection(SolutionConfigurationPlatforms) = preSolution
		Debug|Any CPU = Debug|Any CPU
		Release|Any CPU = Release|Any CPU
	EndGlobalSection
	GlobalSection(ProjectConfigurationPlatforms) = postSolution
		{98633E4E-A1BB-4BFD-8591-DD9CFF3FA89D}.Debug|Any CPU.ActiveCfg = Debug|Any CPU
		{98633E4E-A1BB-4BFD-8591-DD9CFF3FA89D}.Debug|Any CPU.Build.0 = Debug|Any CPU
		{98633E4E-A1BB-4BFD-8591-DD9CFF3FA89D}.Release|Any CPU.ActiveCfg = Release|Any CPU
		{98633E4E-A1BB-4BFD-8591-DD9CFF3FA89D}.Release|Any CPU.Build.0 = Release|Any CPU
	EndGlobalSection
	GlobalSection(SolutionProperties) = preSolution
		HideSolutionNode = FALSE
	EndGlobalSection
	GlobalSection(ExtensibilityGlobals) = postSolution
		SolutionGuid = {CD521BE5-D003-4F19-BBBF-03720DA3E0BB}
	EndGlobalSection
EndGlobal
